github.com/antlinker/govalidator v0.0.0-20180315120708-ccb8e960c48f h1:E3ktcn4zTuCnaXXfex2+82t02hzJJ/2f7JtIZUi46N8=
github.com/antlinker/govalidator v0.0.0-20180315120708-ccb8e960c48f/go.mod h1:8d1ATEsrhEbWQEkRWhNFfsaK4z5dr7+pXrQ37VAEZ+s=
github.com/shantanubhadoria/go-roman v0.0.0-20180925203848-b6cf86aa5b76 h1:yMBHiWaX2XBKRKspoQUE25LYg6kQnIuwu8VcnDnc7Q4=
github.com/shantanubhadoria/go-roman v0.0.0-20180925203848-b6cf86aa5b76/go.mod h1:VZ+x5KT8KEeHOCupACg8DQ7D+HlOodz5v4iSXO5my2Y=
